{
  "name": "npm-packages-for-meteor-package-test-npm",
  "version": "0.0.0",
  "dependencies": {
    "gcd": {
      "version": "0.0.0"
    },
    "tar": {
      "version": "0.1.0",
      "dependencies": {
        "inherits": {
          "version": "1.0.0"
        },
        "block-stream": {
          "version": "0.0.6"
        },
        "fstream": {
          "version": "0.1.21",
          "dependencies": {
            "rimraf": {
              "version": "2.1.1"
            },
            "mkdirp": {
              "version": "0.3.4"
            },
            "graceful-fs": {
              "version": "1.1.14"
            }
          }
        }
      }
    }
  }
}
